Microsoft Visual Studio Solution File, Format Version 12.00
# Visual Studio Version 17
VisualStudioVersion = 17.5.2.0
MinimumVisualStudioVersion = 10.0.40219.1
Project("{FAE04EC0-301F-11D3-BF4B-00C04F79EFBC}") = "JonAvionics", "JonAvionics.csproj", "{A060567B-B9C6-5835-F22F-D0235154E67C}"
EndProject
Global
	GlobalSection(SolutionConfigurationPlatforms) = preSolution
		Debug|Any CPU = Debug|Any CPU
		Release|Any CPU = Release|Any CPU
	EndGlobalSection
	GlobalSection(ProjectConfigurationPlatforms) = postSolution
		{A060567B-B9C6-5835-F22F-D0235154E67C}.Debug|Any CPU.ActiveCfg = Debug|Any CPU
		{A060567B-B9C6-5835-F22F-D0235154E67C}.Debug|Any CPU.Build.0 = Debug|Any CPU
		{A060567B-B9C6-5835-F22F-D0235154E67C}.Release|Any CPU.ActiveCfg = Release|Any CPU
		{A060567B-B9C6-5835-F22F-D0235154E67C}.Release|Any CPU.Build.0 = Release|Any CPU
	EndGlobalSection
	GlobalSection(SolutionProperties) = preSolution
		HideSolutionNode = FALSE
	EndGlobalSection
	GlobalSection(ExtensibilityGlobals) = postSolution
		SolutionGuid = {E5CDFA3B-D424-48BA-9E7E-38A3195A5747}
	EndGlobalSection
EndGlobal
